{
    "name": "webgpu-external-test",
    "version": "0.0.1",
    "lockfileVersion": 1,
    "requires": true,
    "dependencies": {
        "dat.gui": {
            "version": "0.7.7",
            "resolved": "https://registry.npmjs.org/dat.gui/-/dat.gui-0.7.7.tgz",
            "integrity": "sha512-sRl/28gF/XRC5ywC9I4zriATTsQcpSsRG7seXCPnTkK8/EQMIbCu5NPMpICLGxX9ZEUvcXR3ArLYCtgreFoMDw=="
        },
        "gl-matrix": {
            "version": "github:toji/gl-matrix#d30bf3ba16449c2228a56754822059dd79d196a4",
            "from": "github:toji/gl-matrix"
        },
        "stats.js": {
            "version": "0.17.0",
            "resolved": "https://registry.npmjs.org/stats.js/-/stats.js-0.17.0.tgz",
            "integrity": "sha1-scPcRtlEmLV4t/05hbgaznExzH0="
        },
        "three": {
            "version": "0.129.0",
            "resolved": "https://registry.npmjs.org/three/-/three-0.129.0.tgz",
            "integrity": "sha512-wiWio1yVRg2Oj6WEWsTHQo5eSzYpEwSBtPSi3OofNpvFbf26HFfb9kw4FZJNjII4qxzp0b1xLB11+tKkBGB1ZA=="
        },
        "two.js": {
            "version": "0.7.5",
            "resolved": "https://registry.npmjs.org/two.js/-/two.js-0.7.5.tgz",
            "integrity": "sha512-eF0ikwezUx86+M+iRFLGytzxussemRQZmk4cJvVgXGl6HMF2QoeNk/Si7OD9MtE5vGA9DdKHLyUzehSWzTrK0g=="
        }
    }
}
